Microsoft Visual Studio Solution File, Format Version 12.00
# Visual Studio Version 17
VisualStudioVersion = 17.5.2.0
MinimumVisualStudioVersion = 10.0.40219.1
Project("{FAE04EC0-301F-11D3-BF4B-00C04F79EFBC}") = "NBodySimulation", "NBodySimulation.csproj", "{2426AD65-7FD0-B845-4B14-AC35A8379652}"
EndProject
Global
	GlobalSection(SolutionConfigurationPlatforms) = preSolution
		Debug|Any CPU = Debug|Any CPU
		Release|Any CPU = Release|Any CPU
	EndGlobalSection
	GlobalSection(ProjectConfigurationPlatforms) = postSolution
		{2426AD65-7FD0-B845-4B14-AC35A8379652}.Debug|Any CPU.ActiveCfg = Debug|Any CPU
		{2426AD65-7FD0-B845-4B14-AC35A8379652}.Debug|Any CPU.Build.0 = Debug|Any CPU
		{2426AD65-7FD0-B845-4B14-AC35A8379652}.Release|Any CPU.ActiveCfg = Release|Any CPU
		{2426AD65-7FD0-B845-4B14-AC35A8379652}.Release|Any CPU.Build.0 = Release|Any CPU
	EndGlobalSection
	GlobalSection(SolutionProperties) = preSolution
		HideSolutionNode = FALSE
	EndGlobalSection
	GlobalSection(ExtensibilityGlobals) = postSolution
		SolutionGuid = {DB8C4FE7-60C2-4C31-BB52-121759E88E2D}
	EndGlobalSection
EndGlobal
